
Microsoft Visual Studio Solution File, Format Version 12.00
# Visual Studio 14
VisualStudioVersion = 14.0.24720.0
MinimumVisualStudioVersion = 10.0.40219.1
Project("{FAE04EC0-301F-11D3-BF4B-00C04F79EFBC}") = "WindowsApplication", "WindowsApplication\WindowsApplication.csproj", "{5747A40B-B5D7-47F9-81D4-E178724A2273}"
EndProject
Project("{FAE04EC0-301F-11D3-BF4B-00C04F79EFBC}") = "CRUD App", "CRUD App\CRUD App.csproj", "{8BA73FD1-6033-4909-95F1-E74ADB8C47AD}"
EndProject
Global
	GlobalSection(SolutionConfigurationPlatforms) = preSolution
		Debug|Any CPU = Debug|Any CPU
		Release|Any CPU = Release|Any CPU
	EndGlobalSection
	GlobalSection(ProjectConfigurationPlatforms) = postSolution
		{5747A40B-B5D7-47F9-81D4-E178724A2273}.Debug|Any CPU.ActiveCfg = Debug|Any CPU
		{5747A40B-B5D7-47F9-81D4-E178724A2273}.Debug|Any CPU.Build.0 = Debug|Any CPU
		{5747A40B-B5D7-47F9-81D4-E178724A2273}.Release|Any CPU.ActiveCfg = Release|Any CPU
		{5747A40B-B5D7-47F9-81D4-E178724A2273}.Release|Any CPU.Build.0 = Release|Any CPU
		{8BA73FD1-6033-4909-95F1-E74ADB8C47AD}.Debug|Any CPU.ActiveCfg = Debug|Any CPU
		{8BA73FD1-6033-4909-95F1-E74ADB8C47AD}.Debug|Any CPU.Build.0 = Debug|Any CPU
		{8BA73FD1-6033-4909-95F1-E74ADB8C47AD}.Release|Any CPU.ActiveCfg = Release|Any CPU
		{8BA73FD1-6033-4909-95F1-E74ADB8C47AD}.Release|Any CPU.Build.0 = Release|Any CPU
	EndGlobalSection
	GlobalSection(SolutionProperties) = preSolution
		HideSolutionNode = FALSE
	EndGlobalSection
	GlobalSection(TeamFoundationVersionControl) = preSolution
		SccNumberOfProjects = 3
		SccEnterpriseProvider = {4CA58AB2-18FA-4F8D-95D4-32DDF27D184C}
		SccTeamFoundationServer = https://healthguard.visualstudio.com/defaultcollection
		SccLocalPath0 = .
		SccProjectUniqueName1 = WindowsApplication\\WindowsApplication.csproj
		SccProjectName1 = WindowsApplication
		SccLocalPath1 = WindowsApplication
		SccProjectUniqueName2 = CRUD\u0020App\\CRUD\u0020App.csproj
		SccProjectName2 = CRUD\u0020App
		SccLocalPath2 = CRUD\u0020App
	EndGlobalSection
EndGlobal
